
Microsoft Visual Studio Solution File, Format Version 12.00
# Visual Studio Version 16
VisualStudioVersion = 16.0.36422.26
MinimumVisualStudioVersion = 10.0.40219.1
Project("{FAE04EC0-301F-11D3-BF4B-00C04F79EFBC}") = "Bucles-Arreglos", "Bucles-Arreglos.csproj", "{EB419D86-F997-4036-82ED-06030E995ABE}"
EndProject
Global
	GlobalSection(SolutionConfigurationPlatforms) = preSolution
		Debug|Any CPU = Debug|Any CPU
		Release|Any CPU = Release|Any CPU
	EndGlobalSection
	GlobalSection(ProjectConfigurationPlatforms) = postSolution
		{EB419D86-F997-4036-82ED-06030E995ABE}.Debug|Any CPU.ActiveCfg = Debug|Any CPU
		{EB419D86-F997-4036-82ED-06030E995ABE}.Debug|Any CPU.Build.0 = Debug|Any CPU
		{EB419D86-F997-4036-82ED-06030E995ABE}.Release|Any CPU.ActiveCfg = Release|Any CPU
		{EB419D86-F997-4036-82ED-06030E995ABE}.Release|Any CPU.Build.0 = Release|Any CPU
	EndGlobalSection
	GlobalSection(SolutionProperties) = preSolution
		HideSolutionNode = FALSE
	EndGlobalSection
	GlobalSection(ExtensibilityGlobals) = postSolution
		SolutionGuid = {E5BB2761-ABEA-43A9-9488-04BFEBE2243B}
	EndGlobalSection
EndGlobal
